
Microsoft Visual Studio Solution File, Format Version 12.00
# Visual Studio Version 17
VisualStudioVersion = 17.10.35004.147
MinimumVisualStudioVersion = 10.0.40219.1
Project("{9A19103F-16F7-4668-BE54-9A1E7A4F7556}") = "Snake Game", "Snake Game.csproj", "{182896E5-4AB5-489B-AB48-7CDE167A5360}"
EndProject
Project("{9A19103F-16F7-4668-BE54-9A1E7A4F7556}") = "TestSnakeGame", "..\TestSnakeGame\TestSnakeGame.csproj", "{204B153A-A749-4DFF-BD74-D2F272F2BC73}"
EndProject
Global
	GlobalSection(SolutionConfigurationPlatforms) = preSolution
		Debug|Any CPU = Debug|Any CPU
		Release|Any CPU = Release|Any CPU
	EndGlobalSection
	GlobalSection(ProjectConfigurationPlatforms) = postSolution
		{182896E5-4AB5-489B-AB48-7CDE167A5360}.Debug|Any CPU.ActiveCfg = Debug|Any CPU
		{182896E5-4AB5-489B-AB48-7CDE167A5360}.Debug|Any CPU.Build.0 = Debug|Any CPU
		{182896E5-4AB5-489B-AB48-7CDE167A5360}.Release|Any CPU.ActiveCfg = Release|Any CPU
		{182896E5-4AB5-489B-AB48-7CDE167A5360}.Release|Any CPU.Build.0 = Release|Any CPU
		{204B153A-A749-4DFF-BD74-D2F272F2BC73}.Debug|Any CPU.ActiveCfg = Debug|Any CPU
		{204B153A-A749-4DFF-BD74-D2F272F2BC73}.Debug|Any CPU.Build.0 = Debug|Any CPU
		{204B153A-A749-4DFF-BD74-D2F272F2BC73}.Release|Any CPU.ActiveCfg = Release|Any CPU
		{204B153A-A749-4DFF-BD74-D2F272F2BC73}.Release|Any CPU.Build.0 = Release|Any CPU
	EndGlobalSection
	GlobalSection(SolutionProperties) = preSolution
		HideSolutionNode = FALSE
	EndGlobalSection
	GlobalSection(ExtensibilityGlobals) = postSolution
		SolutionGuid = {A415CD46-3C0D-4CD5-B6F1-FF1CA6EE5170}
	EndGlobalSection
EndGlobal
